
Microsoft Visual Studio Solution File, Format Version 12.00
# Visual Studio Version 17
VisualStudioVersion = 17.9.34607.119
MinimumVisualStudioVersion = 10.0.40219.1
Project("{FAE04EC0-301F-11D3-BF4B-00C04F79EFBC}") = "Hometask-praktik", "Hometask-praktik\Hometask-praktik.csproj", "{C6542684-612B-448A-BF0B-458114D81EFC}"
EndProject
Global
	GlobalSection(SolutionConfigurationPlatforms) = preSolution
		Debug|Any CPU = Debug|Any CPU
		Release|Any CPU = Release|Any CPU
	EndGlobalSection
	GlobalSection(ProjectConfigurationPlatforms) = postSolution
		{C6542684-612B-448A-BF0B-458114D81EFC}.Debug|Any CPU.ActiveCfg = Debug|Any CPU
		{C6542684-612B-448A-BF0B-458114D81EFC}.Debug|Any CPU.Build.0 = Debug|Any CPU
		{C6542684-612B-448A-BF0B-458114D81EFC}.Release|Any CPU.ActiveCfg = Release|Any CPU
		{C6542684-612B-448A-BF0B-458114D81EFC}.Release|Any CPU.Build.0 = Release|Any CPU
	EndGlobalSection
	GlobalSection(SolutionProperties) = preSolution
		HideSolutionNode = FALSE
	EndGlobalSection
	GlobalSection(ExtensibilityGlobals) = postSolution
		SolutionGuid = {15FEE7B1-C7B2-4DD5-9A94-052E93D9D3CE}
	EndGlobalSection
EndGlobal
